
Microsoft Visual Studio Solution File, Format Version 12.00
# Visual Studio Version 17
VisualStudioVersion = 17.0.31903.59
MinimumVisualStudioVersion = 10.0.40219.1
Project("{FAE04EC0-301F-11D3-BF4B-00C04F79EFBC}") = "CodeSpace.Api", "backend\src\CodeSpace.Api\CodeSpace.Api.csproj", "{60FAAAFF-CBF4-4B14-BE4B-B9277EF74185}"
EndProject
Project("{FAE04EC0-301F-11D3-BF4B-00C04F79EFBC}") = "CodeSpace.Core", "backend\src\CodeSpace.Core\CodeSpace.Core.csproj", "{2073F3A9-9512-4B1A-913F-455E57EE8ABC}"
EndProject
Project("{FAE04EC0-301F-11D3-BF4B-00C04F79EFBC}") = "CodeSpace.Messages", "backend\src\CodeSpace.Messages\CodeSpace.Messages.csproj", "{BB36A73E-5FE7-4D08-9F96-5B2E0E51513F}"
EndProject
Project("{FAE04EC0-301F-11D3-BF4B-00C04F79EFBC}") = "CodeSpace.Mcp", "backend\src\CodeSpace.Mcp\CodeSpace.Mcp.csproj", "{F37004AB-0646-4838-A42C-4303EFE9E022}"
EndProject
Project("{FAE04EC0-301F-11D3-BF4B-00C04F79EFBC}") = "CodeSpace.UnitTests", "backend\tests\CodeSpace.UnitTests\CodeSpace.UnitTests.csproj", "{D827C1CF-5FF2-42E3-B0BE-6CD6988B3D34}"
EndProject
Project("{FAE04EC0-301F-11D3-BF4B-00C04F79EFBC}") = "CodeSpace.IntegrationTests", "backend\tests\CodeSpace.IntegrationTests\CodeSpace.IntegrationTests.csproj", "{13B88E7C-FD66-4E37-A7B9-895AE5647553}"
EndProject
Project("{FAE04EC0-301F-11D3-BF4B-00C04F79EFBC}") = "CodeSpace.E2ETests", "backend\tests\CodeSpace.E2ETests\CodeSpace.E2ETests.csproj", "{FAC91D1D-E19C-4D4C-9847-925A326276D4}"
EndProject
Project("{FAE04EC0-301F-11D3-BF4B-00C04F79EFBC}") = "CodeSpace.SandboxTests", "backend\tests\CodeSpace.SandboxTests\CodeSpace.SandboxTests.csproj", "{4E3909CA-0A6D-46E6-AB16-599CB3D36ECB}"
EndProject
Global
	GlobalSection(SolutionConfigurationPlatforms) = preSolution
		Debug|Any CPU = Debug|Any CPU
		Release|Any CPU = Release|Any CPU
	EndGlobalSection
	GlobalSection(ProjectConfigurationPlatforms) = postSolution
		{60FAAAFF-CBF4-4B14-BE4B-B9277EF74185}.Debug|Any CPU.ActiveCfg = Debug|Any CPU
		{60FAAAFF-CBF4-4B14-BE4B-B9277EF74185}.Debug|Any CPU.Build.0 = Debug|Any CPU
		{60FAAAFF-CBF4-4B14-BE4B-B9277EF74185}.Release|Any CPU.ActiveCfg = Release|Any CPU
		{60FAAAFF-CBF4-4B14-BE4B-B9277EF74185}.Release|Any CPU.Build.0 = Release|Any CPU
		{2073F3A9-9512-4B1A-913F-455E57EE8ABC}.Debug|Any CPU.ActiveCfg = Debug|Any CPU
		{2073F3A9-9512-4B1A-913F-455E57EE8ABC}.Debug|Any CPU.Build.0 = Debug|Any CPU
		{2073F3A9-9512-4B1A-913F-455E57EE8ABC}.Release|Any CPU.ActiveCfg = Release|Any CPU
		{2073F3A9-9512-4B1A-913F-455E57EE8ABC}.Release|Any CPU.Build.0 = Release|Any CPU
		{BB36A73E-5FE7-4D08-9F96-5B2E0E51513F}.Debug|Any CPU.ActiveCfg = Debug|Any CPU
		{BB36A73E-5FE7-4D08-9F96-5B2E0E51513F}.Debug|Any CPU.Build.0 = Debug|Any CPU
		{BB36A73E-5FE7-4D08-9F96-5B2E0E51513F}.Release|Any CPU.ActiveCfg = Release|Any CPU
		{BB36A73E-5FE7-4D08-9F96-5B2E0E51513F}.Release|Any CPU.Build.0 = Release|Any CPU
		{F37004AB-0646-4838-A42C-4303EFE9E022}.Debug|Any CPU.ActiveCfg = Debug|Any CPU
		{F37004AB-0646-4838-A42C-4303EFE9E022}.Debug|Any CPU.Build.0 = Debug|Any CPU
		{F37004AB-0646-4838-A42C-4303EFE9E022}.Release|Any CPU.ActiveCfg = Release|Any CPU
		{F37004AB-0646-4838-A42C-4303EFE9E022}.Release|Any CPU.Build.0 = Release|Any CPU
		{D827C1CF-5FF2-42E3-B0BE-6CD6988B3D34}.Debug|Any CPU.ActiveCfg = Debug|Any CPU
		{D827C1CF-5FF2-42E3-B0BE-6CD6988B3D34}.Debug|Any CPU.Build.0 = Debug|Any CPU
		{D827C1CF-5FF2-42E3-B0BE-6CD6988B3D34}.Release|Any CPU.ActiveCfg = Release|Any CPU
		{D827C1CF-5FF2-42E3-B0BE-6CD6988B3D34}.Release|Any CPU.Build.0 = Release|Any CPU
		{13B88E7C-FD66-4E37-A7B9-895AE5647553}.Debug|Any CPU.ActiveCfg = Debug|Any CPU
		{13B88E7C-FD66-4E37-A7B9-895AE5647553}.Debug|Any CPU.Build.0 = Debug|Any CPU
		{13B88E7C-FD66-4E37-A7B9-895AE5647553}.Release|Any CPU.ActiveCfg = Release|Any CPU
		{13B88E7C-FD66-4E37-A7B9-895AE5647553}.Release|Any CPU.Build.0 = Release|Any CPU
		{FAC91D1D-E19C-4D4C-9847-925A326276D4}.Debug|Any CPU.ActiveCfg = Debug|Any CPU
		{FAC91D1D-E19C-4D4C-9847-925A326276D4}.Debug|Any CPU.Build.0 = Debug|Any CPU
		{FAC91D1D-E19C-4D4C-9847-925A326276D4}.Release|Any CPU.ActiveCfg = Release|Any CPU
		{FAC91D1D-E19C-4D4C-9847-925A326276D4}.Release|Any CPU.Build.0 = Release|Any CPU
		{4E3909CA-0A6D-46E6-AB16-599CB3D36ECB}.Debug|Any CPU.ActiveCfg = Debug|Any CPU
		{4E3909CA-0A6D-46E6-AB16-599CB3D36ECB}.Debug|Any CPU.Build.0 = Debug|Any CPU
		{4E3909CA-0A6D-46E6-AB16-599CB3D36ECB}.Release|Any CPU.ActiveCfg = Release|Any CPU
		{4E3909CA-0A6D-46E6-AB16-599CB3D36ECB}.Release|Any CPU.Build.0 = Release|Any CPU
	EndGlobalSection
	GlobalSection(SolutionProperties) = preSolution
		HideSolutionNode = FALSE
	EndGlobalSection
EndGlobal
