{
  "version": 1,
  "dependencies": {
    "net10.0": {
      "AlibabaCloud.OSS.V2": {
        "type": "Direct",
        "requested": "[0.2.0, )",
        "resolved": "0.2.0",
        "contentHash": "y7SabORdoVONXh9mWvJUUjDth6xo12yARAjDCtVktHPpt/LLu8o/URL69Vm5dqnIiivQUQQ9Xe3izNtEziSRuA=="
      },
      "Autofac": {
        "type": "Direct",
        "requested": "[8.4.0, )",
        "resolved": "8.4.0",
        "contentHash": "XMWHyO6fXTv8rwCfhm6+64mQS6CyL0rve/hWSODsUrVuEGtq1fjxSOlVTBqCRsW6L8K3OQDskJaPB1boVMI2eQ=="
      },
      "Autofac.Extensions.DependencyInjection": {
        "type": "Direct",
        "requested": "[10.0.0, )",
        "resolved": "10.0.0",
        "contentHash": "ZjR/onUlP7BzQ7VBBigQepWLAyAzi3VRGX3pP6sBqkPRiT61fsTZqbTpRUKxo30TMgbs1o3y6bpLbETix4SJog==",
        "dependencies": {
          "Autofac": "8.1.0"
        }
      },
      "Cronos": {
        "type": "Direct",
        "requested": "[0.8.4, )",
        "resolved": "0.8.4",
        "contentHash": "sTyvTH8hh5YWivinRGzL5QrfKKt59I/Hh+4m8j6vmtJdSOWA4I3B+AS9iJk3RdQqZ+i4E+0PlhYuY9iaxDLTcQ=="
      },
      "dbup-core": {
        "type": "Direct",
        "requested": "[6.0.15, )",
        "resolved": "6.0.15",
        "contentHash": "w0eaoyVitzgBiHTILEnj23smrbrxZ1nLF7K8uOyG6rvrctRtC0NTuSYHoB/3aq+B9hi9E/DiW9pOtNto5V9P3g=="
      },
      "dbup-postgresql": {
        "type": "Direct",
        "requested": "[6.0.3, )",
        "resolved": "6.0.3",
        "contentHash": "1LYSS0WTPUQ6mk/PpU7m3c5ptJpo8WQuX2P1YeCvFidPKufNqkv2/4bGujqlBf3u0lNd2w7DTKfihKpSSGk32g==",
        "dependencies": {
          "Npgsql": "9.0.2",
          "dbup-core": "6.0.4"
        }
      },
      "EFCore.NamingConventions": {
        "type": "Direct",
        "requested": "[10.0.1, )",
        "resolved": "10.0.1",
        "contentHash": "Xs5k8XfNKPkkQSkGmZkmDI1je0prLTdxse+s8PgTFZxyBrlrTLzTBUTVJtQKSsbvu4y+luAv8DdtO5SALJE++A==",
        "dependencies": {
          "Microsoft.EntityFrameworkCore": "[10.0.1, 11.0.0)",
          "Microsoft.EntityFrameworkCore.Relational": "[10.0.1, 11.0.0)"
        }
      },
      "Hangfire": {
        "type": "Direct",
        "requested": "[1.8.25, )",
        "resolved": "1.8.25",
        "contentHash": "UDAblv7i4pKa3+/YyCHaItBNTBoPbjfkXyO/t+Xgo1Mxu66Z+WGsnHGnUQ0ObVI0Wc/AK3tfW1eYApufJ0290Q==",
        "dependencies": {
          "Hangfire.AspNetCore": "[1.8.25]",
          "Hangfire.Core": "[1.8.25]",
          "Hangfire.SqlServer": "[1.8.25]"
        }
      },
      "MediatR": {
        "type": "Direct",
        "requested": "[12.5.0, )",
        "resolved": "12.5.0",
        "contentHash": "vqm2H8/nqL5NAJHPhsG1JOPwfkmbVrPyh4svdoRzu+uZh6Ex7PRoHBGsLYC0/RWCEJFqD1ohHNpteQvql9OktA==",
        "dependencies": {
          "MediatR.Contracts": "[2.0.1, 3.0.0)"
        }
      },
      "MediatR.Extensions.Autofac.DependencyInjection": {
        "type": "Direct",
        "requested": "[12.3.0, )",
        "resolved": "12.3.0",
        "contentHash": "a6Uq8DSWyd2tpwp3qS4Ob07X68pTmjxfe1FDIjgdNmkSXr7FnoSgiO2ovy4NzTVgZpNcWM9HaHHZa4fmHIqWYg==",
        "dependencies": {
          "Autofac": "8.2.0",
          "MediatR": "12.4.1"
        }
      },
      "Microsoft.AspNetCore.DataProtection.EntityFrameworkCore": {
        "type": "Direct",
        "requested": "[10.0.11, )",
        "resolved": "10.0.11",
        "contentHash": "hMzgy/JpKNy7vKJBp9iBHiGqGGi+vtPNV8qSamQy3vOO3sPE8RslYkMz6pgCYIkLhLPr29J0lLj7SnA0J5Eoqw==",
        "dependencies": {
          "Microsoft.EntityFrameworkCore": "10.0.11"
        }
      },
      "Microsoft.EntityFrameworkCore": {
        "type": "Direct",
        "requested": "[10.0.11, )",
        "resolved": "10.0.11",
        "contentHash": "VOSGU8en6HZJs8t7UMFN+9vGcRgVOOn6fA44Ngcg2NyvJ3P1KE94iAb0XzaVaGhXGtt+qaM/VtEn0/hzluQJeg==",
        "dependencies": {
          "Microsoft.EntityFrameworkCore.Abstractions": "10.0.11",
          "Microsoft.EntityFrameworkCore.Analyzers": "10.0.11"
        }
      },
      "Microsoft.EntityFrameworkCore.Relational": {
        "type": "Direct",
        "requested": "[10.0.11, )",
        "resolved": "10.0.11",
        "contentHash": "grznnTJgEYxaWpdKAsTzg6j+89jHgCXWYp+QGtlX5O92+w/VuhWM6JLPYb+uw8M9VhGUvOTsO76dYOy9vNPd5Q==",
        "dependencies": {
          "Microsoft.EntityFrameworkCore": "10.0.11"
        }
      },
      "Microsoft.Extensions.Http.Resilience": {
        "type": "Direct",
        "requested": "[10.6.0, )",
        "resolved": "10.6.0",
        "contentHash": "Diw9HdFABHx0EQTjfanXKuV6zSEyHEEH11ZGdsNxNf/3gsLEiBPXUximDG0EwYt1iIalH0JFlI1DXqpE4VjDpQ==",
        "dependencies": {
          "Microsoft.Extensions.Http.Diagnostics": "10.6.0",
          "Microsoft.Extensions.Resilience": "10.6.0"
        }
      },
      "Newtonsoft.Json": {
        "type": "Direct",
        "requested": "[13.0.3, )",
        "resolved": "13.0.3",
        "contentHash": "HrC5BXdl00IP9zeV+0Z848QWPAoCr9P3bDEZguI+gkLcBKAOxix/tLEAAHC+UvDNPv4a2d18lOReHMOagPa+zQ=="
      },
      "NGitLab": {
        "type": "Direct",
        "requested": "[11.7.0, )",
        "resolved": "11.7.0",
        "contentHash": "RefpsllerF6NeMUBmTAsBC0/sMhEHxDp78iTrMAgUCzocIuAntsKtc9tk1gq5DT92S5FQYeYGhpD0DEs4AQp+g=="
      },
      "Npgsql.EntityFrameworkCore.PostgreSQL": {
        "type": "Direct",
        "requested": "[10.0.3, )",
        "resolved": "10.0.3",
        "contentHash": "IPGrrZnRkuW7OlHDhUESZz4G5DLkW7Nej/O3Cx+0iTsgyU5XJxBgpsvTHLloo3WWuAKKbDHXBvWPVkX1deRh1Q==",
        "dependencies": {
          "Microsoft.EntityFrameworkCore": "[10.0.4, 11.0.0)",
          "Microsoft.EntityFrameworkCore.Relational": "[10.0.4, 11.0.0)",
          "Npgsql": "10.0.3"
        }
      },
      "Octokit": {
        "type": "Direct",
        "requested": "[14.0.0, )",
        "resolved": "14.0.0",
        "contentHash": "jGOuTH1l+TCpJH+fwYOp7USzHDuGfN1jKbLz3J2COwyn+wL08eynvpnM6rY2qkzIEXum3PN2p2QkP3BW/p9Qcw=="
      },
      "Serilog": {
        "type": "Direct",
        "requested": "[4.4.0, )",
        "resolved": "4.4.0",
        "contentHash": "ZC6Le3rr4TVJJjS4KsQAesxeF1EhW9qcZmmG7eP5Y2G3+gTGkJEUXkq4+tZNPtyp05I0wWOxnIjwtxFweJsObw=="
      },
      "System.IdentityModel.Tokens.Jwt": {
        "type": "Direct",
        "requested": "[8.5.0, )",
        "resolved": "8.5.0",
        "contentHash": "ZUdVIyD2mJg5+hOtjnHFQRp+wCZraV6XTp734LFIGwVnCbvcgYKgsiUvlBCiS6fXs6wdY8wlMa7cFluD+RE+6g==",
        "dependencies": {
          "Microsoft.IdentityModel.JsonWebTokens": "8.5.0",
          "Microsoft.IdentityModel.Tokens": "8.5.0"
        }
      },
      "YamlDotNet": {
        "type": "Direct",
        "requested": "[16.3.0, )",
        "resolved": "16.3.0",
        "contentHash": "SgMOdxbz8X65z8hraIs6hOEdnkH6hESTAIUa7viEngHOYaH+6q5XJmwr1+yb9vJpNQ19hCQY69xbFsLtXpobQA=="
      },
      "Hangfire.AspNetCore": {
        "type": "Transitive",
        "resolved": "1.8.25",
        "contentHash": "IqklPyZDacfrCM6I9vpoTd9n14AvP5tepgR/IfKTUlPzGihLzey9jpL7PTKguJ3CPAA12qz3WCDUfIJ9IsCLQw==",
        "dependencies": {
          "Hangfire.NetCore": "[1.8.25]"
        }
      },
      "Hangfire.Core": {
        "type": "Transitive",
        "resolved": "1.8.25",
        "contentHash": "BxzXlHwXNrGPHJ7YfAVfeiXC+BHd6uPoyyfV+9bCJVPPGs4z0EQCW1X44Og/IUFM81ENCqAFP1r2rOkQhm4ydA==",
        "dependencies": {
          "Newtonsoft.Json": "11.0.1"
        }
      },
      "Hangfire.NetCore": {
        "type": "Transitive",
        "resolved": "1.8.25",
        "contentHash": "ZfI7gwr7n70r635VS9aKsWSzOodY6U0bSIG0jDrqd5ODRLKvc+e5aXXGCnWHWzjvagvlwtUcRGG/lD0/3C7chA==",
        "dependencies": {
          "Hangfire.Core": "[1.8.25]"
        }
      },
      "Hangfire.SqlServer": {
        "type": "Transitive",
        "resolved": "1.8.25",
        "contentHash": "KuDVyRuixoEnvIpKJ+PCvIlxNoRyVNOQPmYD4H6k1J4ZE6C372aBKZ17MawwtWTL+Mpqa10TgOaIivI1xXj1Ug==",
        "dependencies": {
          "Hangfire.Core": "[1.8.25]"
        }
      },
      "MediatR.Contracts": {
        "type": "Transitive",
        "resolved": "2.0.1",
        "contentHash": "FYv95bNT4UwcNA+G/J1oX5OpRiSUxteXaUt2BJbRSdRNiIUNbggJF69wy6mnk2wYToaanpdXZdCwVylt96MpwQ=="
      },
      "Microsoft.EntityFrameworkCore.Abstractions": {
        "type": "Transitive",
        "resolved": "10.0.11",
        "contentHash": "6auJR+9+9VunznKfH7WGrHMrnrmA0F7JZ22EXzwXvVhjfnbu9Xq7NSIWaOf3KJsOanM2qf5ajJ2JR5TlcPZTLA=="
      },
      "Microsoft.EntityFrameworkCore.Analyzers": {
        "type": "Transitive",
        "resolved": "10.0.11",
        "contentHash": "Bv7X4wSSnzCQED9WYXKJ8fwgyvKwf0xZM1GO8xkf6CF9zl+UBnvjxmcPnokJRy0JKjc1SlHSzzhx1HcL4jitTQ=="
      },
      "Microsoft.Extensions.AmbientMetadata.Application": {
        "type": "Transitive",
        "resolved": "10.6.0",
        "contentHash": "MPAI1c5QqkDgEyEvsSj7KPPWHlTCqvXxtfp7JISul4P54GfDkSs+S7Vyq7tmS7MzpEjuH/6xrsFlUqAPlLyTUA=="
      },
      "Microsoft.Extensions.Compliance.Abstractions": {
        "type": "Transitive",
        "resolved": "10.6.0",
        "contentHash": "L8zTKn8e2LCQbsDFLWFm6fZQ54F/1FisLx43nkEof4HmmsO2HaZHshV85+qF8HXO48MlGJdrWUg+uVBj/WDmmw=="
      },
      "Microsoft.Extensions.DependencyInjection.AutoActivation": {
        "type": "Transitive",
        "resolved": "10.6.0",
        "contentHash": "FoX/prFoqjogPV1DleOnakFM9yzu8m4dK8Z0d9f8pPTf00PkEvd2Vulncijd/rykUX3aXERMMxsX6c/9QSAOaA=="
      },
      "Microsoft.Extensions.Diagnostics.ExceptionSummarization": {
        "type": "Transitive",
        "resolved": "10.6.0",
        "contentHash": "dpkWVFSg8JT1BBL33+lF3pY52En3y8qoHvtc5esMx8TVrxRXuzqIjca6MqyODpGfg5/NK4bpOYZDYBOAr8PSrA=="
      },
      "Microsoft.Extensions.Http.Diagnostics": {
        "type": "Transitive",
        "resolved": "10.6.0",
        "contentHash": "p7nJYUYk5M0k1bWeRYQr/6k5KO2XpmUIIHgmlFZGirZJxXEShSz66Q5OX2Y8Yfaz9bIhSNqAbnn5B3zhNR2Sxg==",
        "dependencies": {
          "Microsoft.Extensions.Telemetry": "10.6.0"
        }
      },
      "Microsoft.Extensions.Resilience": {
        "type": "Transitive",
        "resolved": "10.6.0",
        "contentHash": "n3ARODKBYCZAJEaDiWqXQnrjh9FXBs1yTwmWUUNgvLdJmLo/MTtz60M2t1By1jIt+I3u82/W4L5xJy8abzPUyw==",
        "dependencies": {
          "Microsoft.Extensions.Diagnostics.ExceptionSummarization": "10.6.0",
          "Microsoft.Extensions.Telemetry.Abstractions": "10.6.0",
          "Polly.Extensions": "8.4.2",
          "Polly.RateLimiting": "8.4.2"
        }
      },
      "Microsoft.Extensions.Telemetry": {
        "type": "Transitive",
        "resolved": "10.6.0",
        "contentHash": "wbcC4zPaEGG53znXd4VDw3ZGITX352q80oW1iyK8rOGaJNof1zimVfZjn6E/Glw0ttZoiyHN0wf8b4KRk/rMAw==",
        "dependencies": {
          "Microsoft.Extensions.AmbientMetadata.Application": "10.6.0",
          "Microsoft.Extensions.DependencyInjection.AutoActivation": "10.6.0",
          "Microsoft.Extensions.Telemetry.Abstractions": "10.6.0"
        }
      },
      "Microsoft.Extensions.Telemetry.Abstractions": {
        "type": "Transitive",
        "resolved": "10.6.0",
        "contentHash": "aNQEJu5DD2YVQEWWmC/ALEiV1Qt400BaDO+SExtfAaGqYaNu/r2sW9xGLuc71fcjbrmzqX8LzNgK5mzjjMW9RQ==",
        "dependencies": {
          "Microsoft.Extensions.Compliance.Abstractions": "10.6.0"
        }
      },
      "Microsoft.IdentityModel.Abstractions": {
        "type": "Transitive",
        "resolved": "8.5.0",
        "contentHash": "wdhxpIzpCW49+MR0oeoJqjDA8vtVXCJPrqXx19UsUOpnE+8PX9byVdFJuVPtT8tkExhU+c8eQxw6OLNQW3i0wg=="
      },
      "Microsoft.IdentityModel.JsonWebTokens": {
        "type": "Transitive",
        "resolved": "8.5.0",
        "contentHash": "Wbx1JbFosCdRaQU8TPDrlHfHx3+f7ef7ivDvyooQec7AmOC+uDXpPUiki7qYklSj6OXxfvtPzyMZBqQuEJrccA==",
        "dependencies": {
          "Microsoft.IdentityModel.Tokens": "8.5.0"
        }
      },
      "Microsoft.IdentityModel.Logging": {
        "type": "Transitive",
        "resolved": "8.5.0",
        "contentHash": "UCTOGVp7h+PHrI4Q/yV0LT2k7dbjlzrnFhfqDUsQ91rOFH8ZNRMZYFY/J79KWSl+SZNnu3ecap31z//NevUaEw==",
        "dependencies": {
          "Microsoft.IdentityModel.Abstractions": "8.5.0"
        }
      },
      "Microsoft.IdentityModel.Tokens": {
        "type": "Transitive",
        "resolved": "8.5.0",
        "contentHash": "dYxp8/JvBpRD5c4H9jBJbKRJnvzvqayEXajr8e1JFdEVMvQXAylPWNwnXghzuGCjKc4bbel2pnDKlKjQnWZlgQ==",
        "dependencies": {
          "Microsoft.IdentityModel.Logging": "8.5.0"
        }
      },
      "Npgsql": {
        "type": "Transitive",
        "resolved": "10.0.3",
        "contentHash": "7nb5YzXuvWWJxB0J8DiyL3we+X4FOctZrt0fIBnucOIaIevFEEwGQVZKtiu9olXdlNAK1eNgqSral6r/jlhI4w=="
      },
      "Polly.Core": {
        "type": "Transitive",
        "resolved": "8.4.2",
        "contentHash": "BpE2I6HBYYA5tF0Vn4eoQOGYTYIK1BlF5EXVgkWGn3mqUUjbXAr13J6fZVbp7Q3epRR8yshacBMlsHMhpOiV3g=="
      },
      "Polly.Extensions": {
        "type": "Transitive",
        "resolved": "8.4.2",
        "contentHash": "GZ9vRVmR0jV2JtZavt+pGUsQ1O1cuRKG7R7VOZI6ZDy9y6RNPvRvXK1tuS4ffUrv8L0FTea59oEuQzgS0R7zSA==",
        "dependencies": {
          "Polly.Core": "8.4.2"
        }
      },
      "Polly.RateLimiting": {
        "type": "Transitive",
        "resolved": "8.4.2",
        "contentHash": "ehTImQ/eUyO07VYW2WvwSmU9rRH200SKJ/3jku9rOkyWE0A2JxNFmAVms8dSn49QLSjmjFRRSgfNyOgr/2PSmA==",
        "dependencies": {
          "Polly.Core": "8.4.2"
        }
      },
      "codespace.messages": {
        "type": "Project",
        "dependencies": {
          "MediatR": "[12.5.0, )"
        }
      }
    }
  }
}